
Microsoft Visual Studio Solution File, Format Version 12.00
# Visual Studio 15
VisualStudioVersion = 15.0.28307.1831
MinimumVisualStudioVersion = 10.0.40219.1
Project("{FAE04EC0-301F-11D3-BF4B-00C04F79EFBC}") = "Ferreteria1975", "Ferreteria1975\Ferreteria1975.csproj", "{2F5B94FB-B331-4E76-ABCE-83AE5F51BBC0}"
EndProject
Global
	GlobalSection(SolutionConfigurationPlatforms) = preSolution
		Debug|Any CPU = Debug|Any CPU
		Release|Any CPU = Release|Any CPU
	EndGlobalSection
	GlobalSection(ProjectConfigurationPlatforms) = postSolution
		{2F5B94FB-B331-4E76-ABCE-83AE5F51BBC0}.Debug|Any CPU.ActiveCfg = Debug|Any CPU
		{2F5B94FB-B331-4E76-ABCE-83AE5F51BBC0}.Debug|Any CPU.Build.0 = Debug|Any CPU
		{2F5B94FB-B331-4E76-ABCE-83AE5F51BBC0}.Release|Any CPU.ActiveCfg = Release|Any CPU
		{2F5B94FB-B331-4E76-ABCE-83AE5F51BBC0}.Release|Any CPU.Build.0 = Release|Any CPU
	EndGlobalSection
	GlobalSection(SolutionProperties) = preSolution
		HideSolutionNode = FALSE
	EndGlobalSection
	GlobalSection(ExtensibilityGlobals) = postSolution
		SolutionGuid = {9E442E68-3753-4282-BAB9-821CBE3CA098}
	EndGlobalSection
EndGlobal
